// !$*UTF8*$!
{
	archiveVersion = 1;
	classes = {
	};
	objectVersion = 56;
	objects = {

/* Begin PBXBuildFile section */
		5395C6BC2A63D6000078FE1D /* RealityKitContent in Frameworks */ = {isa = PBXBuildFile; productRef = 5395C6BB2A63D6000078FE1D /* RealityKitContent */; };
		5395C6BE2A63D6000078FE1D /* MusicAppApp.swift in Sources */ = {isa = PBXBuildFile; fileRef = 5395C6BD2A63D6000078FE1D /* MusicAppApp.swift */; };
		5395C6C02A63D6000078FE1D /* ContentView.swift in Sources */ = {isa = PBXBuildFile; fileRef = 5395C6BF2A63D6000078FE1D /* ContentView.swift */; };
		5395C6C22A63D6060078FE1D /* Assets.xcassets in Resources */ = {isa = PBXBuildFile; fileRef = 5395C6C12A63D6060078FE1D /* Assets.xcassets */; };
		5395C6C52A63D6060078FE1D /* Preview Assets.xcassets in Resources */ = {isa = PBXBuildFile; fileRef = 5395C6C42A63D6060078FE1D /* Preview Assets.xcassets */; };
		5395C6CC2A63D7540078FE1D /* SideMenuItem.swift in Sources */ = {isa = PBXBuildFile; fileRef = 5395C6CB2A63D7540078FE1D /* SideMenuItem.swift */; };
		5395C6CE2A63D8150078FE1D /* SideMenuView.swift in Sources */ = {isa = PBXBuildFile; fileRef = 5395C6CD2A63D8150078FE1D /* SideMenuView.swift */; };
		5395C6D02A63DAEF0078FE1D /* AlbumView.swift in Sources */ = {isa = PBXBuildFile; fileRef = 5395C6CF2A63DAEF0078FE1D /* AlbumView.swift */; };
		5395C6D22A63DC8F0078FE1D /* Album.swift in Sources */ = {isa = PBXBuildFile; fileRef = 5395C6D12A63DC8F0078FE1D /* Album.swift */; };
		5395C6D42A63E4090078FE1D /* DummyAlbum.swift in Sources */ = {isa = PBXBuildFile; fileRef = 5395C6D32A63E4090078FE1D /* DummyAlbum.swift */; };
/* End PBXBuildFile section */

/* Begin PBXFileReference section */
		5395C6B62A63D5FF0078FE1D /* MusicApp.app */ = {isa = PBXFileReference; explicitFileType = wrapper.application; includeInIndex = 0; path = MusicApp.app; sourceTree = BUILT_PRODUCTS_DIR; };
		5395C6BA2A63D6000078FE1D /* RealityKitContent */ = {isa = PBXFileReference; lastKnownFileType = wrapper; path = RealityKitContent; sourceTree = "<group>"; };
		5395C6BD2A63D6000078FE1D /* MusicAppApp.swift */ = {isa = PBXFileReference; lastKnownFileType = sourcecode.swift; path = MusicAppApp.swift; sourceTree = "<group>"; };
		5395C6BF2A63D6000078FE1D /* ContentView.swift */ = {isa = PBXFileReference; lastKnownFileType = sourcecode.swift; path = ContentView.swift; sourceTree = "<group>"; };
		5395C6C12A63D6060078FE1D /* Assets.xcassets */ = {isa = PBXFileReference; lastKnownFileType = folder.assetcatalog; path = Assets.xcassets; sourceTree = "<group>"; };
		5395C6C42A63D6060078FE1D /* Preview Assets.xcassets */ = {isa = PBXFileReference; lastKnownFileType = folder.assetcatalog; path = "Preview Assets.xcassets"; sourceTree = "<group>"; };
		5395C6CB2A63D7540078FE1D /* SideMenuItem.swift */ = {isa = PBXFileReference; lastKnownFileType = sourcecode.swift; path = SideMenuItem.swift; sourceTree = "<group>"; };
		5395C6CD2A63D8150078FE1D /* SideMenuView.swift */ = {isa = PBXFileReference; lastKnownFileType = sourcecode.swift; path = SideMenuView.swift; sourceTree = "<group>"; };
		5395C6CF2A63DAEF0078FE1D /* AlbumView.swift */ = {isa = PBXFileReference; lastKnownFileType = sourcecode.swift; path = AlbumView.swift; sourceTree = "<group>"; };
		5395C6D12A63DC8F0078FE1D /* Album.swift */ = {isa = PBXFileReference; lastKnownFileType = sourcecode.swift; path = Album.swift; sourceTree = "<group>"; };
		5395C6D32A63E4090078FE1D /* DummyAlbum.swift */ = {isa = PBXFileReference; lastKnownFileType = sourcecode.swift; path = DummyAlbum.swift; sourceTree = "<group>"; };
/* End PBXFileReference section */

/* Begin PBXFrameworksBuildPhase section */
		5395C6B32A63D5FF0078FE1D /* Frameworks */ = {
			isa = PBXFrameworksBuildPhase;
			buildActionMask = 2147483647;
			files = (
				5395C6BC2A63D6000078FE1D /* RealityKitContent in Frameworks */,
			);
			runOnlyForDeploymentPostprocessing = 0;
		};
/* End PBXFrameworksBuildPhase section */

/* Begin PBXGroup section */
		5395C6AD2A63D5FF0078FE1D = {
			isa = PBXGroup;
			children = (
				5395C6B82A63D5FF0078FE1D /* MusicApp */,
				5395C6B92A63D6000078FE1D /* Packages */,
				5395C6B72A63D5FF0078FE1D /* Products */,
			);
			sourceTree = "<group>";
		};
		5395C6B72A63D5FF0078FE1D /* Products */ = {
			isa = PBXGroup;
			children = (
				5395C6B62A63D5FF0078FE1D /* MusicApp.app */,
			);
			name = Products;
			sourceTree = "<group>";
		};
		5395C6B82A63D5FF0078FE1D /* MusicApp */ = {
			isa = PBXGroup;
			children = (
				5395C6BD2A63D6000078FE1D /* MusicAppApp.swift */,
				5395C6BF2A63D6000078FE1D /* ContentView.swift */,
				5395C6CB2A63D7540078FE1D /* SideMenuItem.swift */,
				5395C6CD2A63D8150078FE1D /* SideMenuView.swift */,
				5395C6CF2A63DAEF0078FE1D /* AlbumView.swift */,
				5395C6D32A63E4090078FE1D /* DummyAlbum.swift */,
				5395C6C12A63D6060078FE1D /* Assets.xcassets */,
				5395C6C32A63D6060078FE1D /* Preview Content */,
				5395C6D12A63DC8F0078FE1D /* Album.swift */,
			);
			path = MusicApp;
			sourceTree = "<group>";
		};
		5395C6B92A63D6000078FE1D /* Packages */ = {
			isa = PBXGroup;
			children = (
				5395C6BA2A63D6000078FE1D /* RealityKitContent */,
			);
			path = Packages;
			sourceTree = "<group>";
		};
		5395C6C32A63D6060078FE1D /* Preview Content */ = {
			isa = PBXGroup;
			children = (
				5395C6C42A63D6060078FE1D /* Preview Assets.xcassets */,
			);
			path = "Preview Content";
			sourceTree = "<group>";
		};
/* End PBXGroup section */

/* Begin PBXNativeTarget section */
		5395C6B52A63D5FF0078FE1D /* MusicApp */ = {
			isa = PBXNativeTarget;
			buildConfigurationList = 5395C6C82A63D6060078FE1D /* Build configuration list for PBXNativeTarget "MusicApp" */;
			buildPhases = (
				5395C6B22A63D5FF0078FE1D /* Sources */,
				5395C6B32A63D5FF0078FE1D /* Frameworks */,
				5395C6B42A63D5FF0078FE1D /* Resources */,
			);
			buildRules = (
			);
			dependencies = (
			);
			name = MusicApp;
			packageProductDependencies = (
				5395C6BB2A63D6000078FE1D /* RealityKitContent */,
			);
			productName = MusicApp;
			productReference = 5395C6B62A63D5FF0078FE1D /* MusicApp.app */;
			productType = "com.apple.product-type.application";
		};
/* End PBXNativeTarget section */

/* Begin PBXProject section */
		5395C6AE2A63D5FF0078FE1D /* Project object */ = {
			isa = PBXProject;
			attributes = {
				BuildIndependentTargetsInParallel = 1;
				LastSwiftUpdateCheck = 1500;
				LastUpgradeCheck = 1500;
				TargetAttributes = {
					5395C6B52A63D5FF0078FE1D = {
						CreatedOnToolsVersion = 15.0;
					};
				};
			};
			buildConfigurationList = 5395C6B12A63D5FF0078FE1D /* Build configuration list for PBXProject "MusicApp" */;
			compatibilityVersion = "Xcode 14.0";
			developmentRegion = en;
			hasScannedForEncodings = 0;
			knownRegions = (
				en,
				Base,
			);
			mainGroup = 5395C6AD2A63D5FF0078FE1D;
			productRefGroup = 5395C6B72A63D5FF0078FE1D /* Products */;
			projectDirPath = "";
			projectRoot = "";
			targets = (
				5395C6B52A63D5FF0078FE1D /* MusicApp */,
			);
		};
/* End PBXProject section */

/* Begin PBXResourcesBuildPhase section */
		5395C6B42A63D5FF0078FE1D /* Resources */ = {
			isa = PBXResourcesBuildPhase;
			buildActionMask = 2147483647;
			files = (
				5395C6C52A63D6060078FE1D /* Preview Assets.xcassets in Resources */,
				5395C6C22A63D6060078FE1D /* Assets.xcassets in Resources */,
			);
			runOnlyForDeploymentPostprocessing = 0;
		};
/* End PBXResourcesBuildPhase section */

/* Begin PBXSourcesBuildPhase section */
		5395C6B22A63D5FF0078FE1D /* Sources */ = {
			isa = PBXSourcesBuildPhase;
			buildActionMask = 2147483647;
			files = (
				5395C6D42A63E4090078FE1D /* DummyAlbum.swift in Sources */,
				5395C6C02A63D6000078FE1D /* ContentView.swift in Sources */,
				5395C6BE2A63D6000078FE1D /* MusicAppApp.swift in Sources */,
				5395C6CE2A63D8150078FE1D /* SideMenuView.swift in Sources */,
				5395C6D02A63DAEF0078FE1D /* AlbumView.swift in Sources */,
				5395C6CC2A63D7540078FE1D /* SideMenuItem.swift in Sources */,
				5395C6D22A63DC8F0078FE1D /* Album.swift in Sources */,
			);
			runOnlyForDeploymentPostprocessing = 0;
		};
/* End PBXSourcesBuildPhase section */

/* Begin XCBuildConfiguration section */
		5395C6C62A63D6060078FE1D /* Debug */ = {
			isa = XCBuildConfiguration;
			buildSettings = {
				ALWAYS_SEARCH_USER_PATHS = NO;
				ASSETCATALOG_COMPILER_GENERATE_SWIFT_ASSET_SYMBOL_EXTENSIONS = YES;
				CLANG_ANALYZER_NONNULL = YES;
				CLANG_ANALYZER_NUMBER_OBJECT_CONVERSION = YES_AGGRESSIVE;
				CLANG_CXX_LANGUAGE_STANDARD = "gnu++20";
				CLANG_ENABLE_MODULES = YES;
				CLANG_ENABLE_OBJC_ARC = YES;
				CLANG_ENABLE_OBJC_WEAK = YES;
				CLANG_WARN_BLOCK_CAPTURE_AUTORELEASING = YES;
				CLANG_WARN_BOOL_CONVERSION = YES;
				CLANG_WARN_COMMA = YES;
				CLANG_WARN_CONSTANT_CONVERSION = YES;
				CLANG_WARN_DEPRECATED_OBJC_IMPLEMENTATIONS = YES;
				CLANG_WARN_DIRECT_OBJC_ISA_USAGE = YES_ERROR;
				CLANG_WARN_DOCUMENTATION_COMMENTS = YES;
				CLANG_WARN_EMPTY_BODY = YES;
				CLANG_WARN_ENUM_CONVERSION = YES;
				CLANG_WARN_INFINITE_RECURSION = YES;
				CLANG_WARN_INT_CONVERSION = YES;
				CLANG_WARN_NON_LITERAL_NULL_CONVERSION = YES;
				CLANG_WARN_OBJC_IMPLICIT_RETAIN_SELF = YES;
				CLANG_WARN_OBJC_LITERAL_CONVERSION = YES;
				CLANG_WARN_OBJC_ROOT_CLASS = YES_ERROR;
				CLANG_WARN_QUOTED_INCLUDE_IN_FRAMEWORK_HEADER = YES;
				CLANG_WARN_RANGE_LOOP_ANALYSIS = YES;
				CLANG_WARN_STRICT_PROTOTYPES = YES;
				CLANG_WARN_SUSPICIOUS_MOVE = YES;
				CLANG_WARN_UNGUARDED_AVAILABILITY = YES_AGGRESSIVE;
				CLANG_WARN_UNREACHABLE_CODE = YES;
				CLANG_WARN__DUPLICATE_METHOD_MATCH = YES;
				COPY_PHASE_STRIP = NO;
				DEBUG_INFORMATION_FORMAT = dwarf;
				ENABLE_STRICT_OBJC_MSGSEND = YES;
				ENABLE_TESTABILITY = YES;
				ENABLE_USER_SCRIPT_SANDBOXING = YES;
				GCC_C_LANGUAGE_STANDARD = gnu17;
				GCC_DYNAMIC_NO_PIC = NO;
				GCC_NO_COMMON_BLOCKS = YES;
				GCC_OPTIMIZATION_LEVEL = 0;
				GCC_PREPROCESSOR_DEFINITIONS = (
					"DEBUG=1",
					"$(inherited)",
				);
				GCC_WARN_64_TO_32_BIT_CONVERSION = YES;
				GCC_WARN_ABOUT_RETURN_TYPE = YES_ERROR;
				GCC_WARN_UNDECLARED_SELECTOR = YES;
				GCC_WARN_UNINITIALIZED_AUTOS = YES_AGGRESSIVE;
				GCC_WARN_UNUSED_FUNCTION = YES;
				GCC_WARN_UNUSED_VARIABLE = YES;
				LOCALIZATION_PREFERS_STRING_CATALOGS = YES;
				MTL_ENABLE_DEBUG_INFO = INCLUDE_SOURCE;
				MTL_FAST_MATH = YES;
				ONLY_ACTIVE_ARCH = YES;
				SDKROOT = xros;
				SWIFT_ACTIVE_COMPILATION_CONDITIONS = "DEBUG $(inherited)";
				SWIFT_OPTIMIZATION_LEVEL = "-Onone";
				XROS_DEPLOYMENT_TARGET = 1.0;
			};
			name = Debug;
		};
		5395C6C72A63D6060078FE1D /* Release */ = {
			isa = XCBuildConfiguration;
			buildSettings = {
				ALWAYS_SEARCH_USER_PATHS = NO;
				ASSETCATALOG_COMPILER_GENERATE_SWIFT_ASSET_SYMBOL_EXTENSIONS = YES;
				CLANG_ANALYZER_NONNULL = YES;
				CLANG_ANALYZER_NUMBER_OBJECT_CONVERSION = YES_AGGRESSIVE;
				CLANG_CXX_LANGUAGE_STANDARD = "gnu++20";
				CLANG_ENABLE_MODULES = YES;
				CLANG_ENABLE_OBJC_ARC = YES;
				CLANG_ENABLE_OBJC_WEAK = YES;
				CLANG_WARN_BLOCK_CAPTURE_AUTORELEASING = YES;
				CLANG_WARN_BOOL_CONVERSION = YES;
				CLANG_WARN_COMMA = YES;
				CLANG_WARN_CONSTANT_CONVERSION = YES;
				CLANG_WARN_DEPRECATED_OBJC_IMPLEMENTATIONS = YES;
				CLANG_WARN_DIRECT_OBJC_ISA_USAGE = YES_ERROR;
				CLANG_WARN_DOCUMENTATION_COMMENTS = YES;
				CLANG_WARN_EMPTY_BODY = YES;
				CLANG_WARN_ENUM_CONVERSION = YES;
				CLANG_WARN_INFINITE_RECURSION = YES;
				CLANG_WARN_INT_CONVERSION = YES;
				CLANG_WARN_NON_LITERAL_NULL_CONVERSION = YES;
				CLANG_WARN_OBJC_IMPLICIT_RETAIN_SELF = YES;
				CLANG_WARN_OBJC_LITERAL_CONVERSION = YES;
				CLANG_WARN_OBJC_ROOT_CLASS = YES_ERROR;
				CLANG_WARN_QUOTED_INCLUDE_IN_FRAMEWORK_HEADER = YES;
				CLANG_WARN_RANGE_LOOP_ANALYSIS = YES;
				CLANG_WARN_STRICT_PROTOTYPES = YES;
				CLANG_WARN_SUSPICIOUS_MOVE = YES;
				CLANG_WARN_UNGUARDED_AVAILABILITY = YES_AGGRESSIVE;
				CLANG_WARN_UNREACHABLE_CODE = YES;
				CLANG_WARN__DUPLICATE_METHOD_MATCH = YES;
				COPY_PHASE_STRIP = NO;
				DEBUG_INFORMATION_FORMAT = "dwarf-with-dsym";
				ENABLE_NS_ASSERTIONS = NO;
				ENABLE_STRICT_OBJC_MSGSEND = YES;
				ENABLE_USER_SCRIPT_SANDBOXING = YES;
				GCC_C_LANGUAGE_STANDARD = gnu17;
				GCC_NO_COMMON_BLOCKS = YES;
				GCC_WARN_64_TO_32_BIT_CONVERSION = YES;
				GCC_WARN_ABOUT_RETURN_TYPE = YES_ERROR;
				GCC_WARN_UNDECLARED_SELECTOR = YES;
				GCC_WARN_UNINITIALIZED_AUTOS = YES_AGGRESSIVE;
				GCC_WARN_UNUSED_FUNCTION = YES;
				GCC_WARN_UNUSED_VARIABLE = YES;
				LOCALIZATION_PREFERS_STRING_CATALOGS = YES;
				MTL_ENABLE_DEBUG_INFO = NO;
				MTL_FAST_MATH = YES;
				SDKROOT = xros;
				SWIFT_COMPILATION_MODE = wholemodule;
				VALIDATE_PRODUCT = YES;
				XROS_DEPLOYMENT_TARGET = 1.0;
			};
			name = Release;
		};
		5395C6C92A63D6060078FE1D /* Debug */ = {
			isa = XCBuildConfiguration;
			buildSettings = {
				ASSETCATALOG_COMPILER_APPICON_NAME = AppIcon;
				ASSETCATALOG_COMPILER_GLOBAL_ACCENT_COLOR_NAME = AccentColor;
				CODE_SIGN_STYLE = Automatic;
				CURRENT_PROJECT_VERSION = 1;
				DEVELOPMENT_ASSET_PATHS = "\"MusicApp/Preview Content\"";
				DEVELOPMENT_TEAM = EJGCGKY84H;
				ENABLE_PREVIEWS = YES;
				GENERATE_INFOPLIST_FILE = YES;
				INFOPLIST_KEY_UIApplicationSceneManifest_Generation = YES;
				LD_RUNPATH_SEARCH_PATHS = (
					"$(inherited)",
					"@executable_path/Frameworks",
				);
				MARKETING_VERSION = 1.0;
				PRODUCT_BUNDLE_IDENTIFIER = com.moyahexagon.MusicApp;
				PRODUCT_NAME = "$(TARGET_NAME)";
				SUPPORTED_PLATFORMS = "xros xrsimulator";
				SWIFT_EMIT_LOC_STRINGS = YES;
				SWIFT_VERSION = 5.0;
				TARGETED_DEVICE_FAMILY = "1,2,7";
			};
			name = Debug;
		};
		5395C6CA2A63D6060078FE1D /* Release */ = {
			isa = XCBuildConfiguration;
			buildSettings = {
				ASSETCATALOG_COMPILER_APPICON_NAME = AppIcon;
				ASSETCATALOG_COMPILER_GLOBAL_ACCENT_COLOR_NAME = AccentColor;
				CODE_SIGN_STYLE = Automatic;
				CURRENT_PROJECT_VERSION = 1;
				DEVELOPMENT_ASSET_PATHS = "\"MusicApp/Preview Content\"";
				DEVELOPMENT_TEAM = EJGCGKY84H;
				ENABLE_PREVIEWS = YES;
				GENERATE_INFOPLIST_FILE = YES;
				INFOPLIST_KEY_UIApplicationSceneManifest_Generation = YES;
				LD_RUNPATH_SEARCH_PATHS = (
					"$(inherited)",
					"@executable_path/Frameworks",
				);
				MARKETING_VERSION = 1.0;
				PRODUCT_BUNDLE_IDENTIFIER = com.moyahexagon.MusicApp;
				PRODUCT_NAME = "$(TARGET_NAME)";
				SUPPORTED_PLATFORMS = "xros xrsimulator";
				SWIFT_EMIT_LOC_STRINGS = YES;
				SWIFT_VERSION = 5.0;
				TARGETED_DEVICE_FAMILY = "1,2,7";
			};
			name = Release;
		};
/* End XCBuildConfiguration section */

/* Begin XCConfigurationList section */
		5395C6B12A63D5FF0078FE1D /* Build configuration list for PBXProject "MusicApp" */ = {
			isa = XCConfigurationList;
			buildConfigurations = (
				5395C6C62A63D6060078FE1D /* Debug */,
				5395C6C72A63D6060078FE1D /* Release */,
			);
			defaultConfigurationIsVisible = 0;
			defaultConfigurationName = Release;
		};
		5395C6C82A63D6060078FE1D /* Build configuration list for PBXNativeTarget "MusicApp" */ = {
			isa = XCConfigurationList;
			buildConfigurations = (
				5395C6C92A63D6060078FE1D /* Debug */,
				5395C6CA2A63D6060078FE1D /* Release */,
			);
			defaultConfigurationIsVisible = 0;
			defaultConfigurationName = Release;
		};
/* End XCConfigurationList section */

/* Begin XCSwiftPackageProductDependency section */
		5395C6BB2A63D6000078FE1D /* RealityKitContent */ = {
			isa = XCSwiftPackageProductDependency;
			productName = RealityKitContent;
		};
/* End XCSwiftPackageProductDependency section */
	};
	rootObject = 5395C6AE2A63D5FF0078FE1D /* Project object */;
}
